
Microsoft Visual Studio Solution File, Format Version 12.00
# Visual Studio Version 17
VisualStudioVersion = 17.3.32929.385
MinimumVisualStudioVersion = 10.0.40219.1
Project("{FAE04EC0-301F-11D3-BF4B-00C04F79EFBC}") = "CrudOperations", "CrudOperations\CrudOperations.csproj", "{A92643A5-0DB0-4377-9205-B07956BDC0BE}"
EndProject
Global
	GlobalSection(SolutionConfigurationPlatforms) = preSolution
		Debug|Any CPU = Debug|Any CPU
		Release|Any CPU = Release|Any CPU
	EndGlobalSection
	GlobalSection(ProjectConfigurationPlatforms) = postSolution
		{A92643A5-0DB0-4377-9205-B07956BDC0BE}.Debug|Any CPU.ActiveCfg = Debug|Any CPU
		{A92643A5-0DB0-4377-9205-B07956BDC0BE}.Debug|Any CPU.Build.0 = Debug|Any CPU
		{A92643A5-0DB0-4377-9205-B07956BDC0BE}.Release|Any CPU.ActiveCfg = Release|Any CPU
		{A92643A5-0DB0-4377-9205-B07956BDC0BE}.Release|Any CPU.Build.0 = Release|Any CPU
	EndGlobalSection
	GlobalSection(SolutionProperties) = preSolution
		HideSolutionNode = FALSE
	EndGlobalSection
	GlobalSection(ExtensibilityGlobals) = postSolution
		SolutionGuid = {2E08F3CD-1A49-421F-B549-EF59405206DA}
	EndGlobalSection
EndGlobal
